{
  "name": "t5gweb",
  "version": "1.0.0",
  "lockfileVersion": 3,
  "requires": true,
  "packages": {
    "": {
      "name": "t5gweb",
      "version": "1.0.0",
      "license": "ISC",
      "dependencies": {
        "@popperjs/core": "^2.11.4",
        "bootstrap": "^5.1.3",
        "chart.js": "^3.7.1",
        "clipboard": "^2.0.10",
        "datatables.net": "^1.11.5",
        "datatables.net-bs5": "^1.11.5",
        "datatables.net-searchpanes-bs5": "^2.0.0",
        "datatables.net-select-bs5": "^1.3.4",
        "plotly.js-cartesian-dist-min": "^2.24.2"
      }
    },
    "node_modules/@popperjs/core": {
      "version": "2.11.4",
      "resolved": "https://registry.npmjs.org/@popperjs/core/-/core-2.11.4.tgz",
      "integrity": "sha512-q/ytXxO5NKvyT37pmisQAItCFqA7FD/vNb8dgaJy3/630Fsc+Mz9/9f2SziBoIZ30TJooXyTwZmhi1zjXmObYg==",
      "funding": {
        "type": "opencollective",
        "url": "https://opencollective.com/popperjs"
      }
    },
    "node_modules/bootstrap": {
      "version": "5.1.3",
      "resolved": "https://registry.npmjs.org/bootstrap/-/bootstrap-5.1.3.tgz",
      "integrity": "sha512-fcQztozJ8jToQWXxVuEyXWW+dSo8AiXWKwiSSrKWsRB/Qt+Ewwza+JWoLKiTuQLaEPhdNAJ7+Dosc9DOIqNy7Q==",
      "funding": {
        "type": "opencollective",
        "url": "https://opencollective.com/bootstrap"
      },
      "peerDependencies": {
        "@popperjs/core": "^2.10.2"
      }
    },
    "node_modules/chart.js": {
      "version": "3.7.1",
      "resolved": "https://registry.npmjs.org/chart.js/-/chart.js-3.7.1.tgz",
      "integrity": "sha512-8knRegQLFnPQAheZV8MjxIXc5gQEfDFD897BJgv/klO/vtIyFFmgMXrNfgrXpbTr/XbTturxRgxIXx/Y+ASJBA=="
    },
    "node_modules/clipboard": {
      "version": "2.0.10",
      "resolved": "https://registry.npmjs.org/clipboard/-/clipboard-2.0.10.tgz",
      "integrity": "sha512-cz3m2YVwFz95qSEbCDi2fzLN/epEN9zXBvfgAoGkvGOJZATMl9gtTDVOtBYkx2ODUJl2kvmud7n32sV2BpYR4g==",
      "dependencies": {
        "good-listener": "^1.2.2",
        "select": "^1.1.2",
        "tiny-emitter": "^2.0.0"
      }
    },
    "node_modules/datatables.net": {
      "version": "1.11.5",
      "resolved": "https://registry.npmjs.org/datatables.net/-/datatables.net-1.11.5.tgz",
      "integrity": "sha512-nlFst2xfwSWaQgaOg5sXVG3cxYC0tH8E8d65289w9ROgF2TmLULOOpcdMpyxxUim/qEwVSEem42RjkTWEpr3eA==",
      "dependencies": {
        "jquery": ">=1.7"
      }
    },
    "node_modules/datatables.net-bs5": {
      "version": "1.11.5",
      "resolved": "https://registry.npmjs.org/datatables.net-bs5/-/datatables.net-bs5-1.11.5.tgz",
      "integrity": "sha512-1zyh972GtuK1uAb9h8nP3jJ7f/3UgCDq69LAaZS2bVd4mEHECJ6vrZLacxrkOHOs/q/H3v5sEMeZ46vXz8ox4w==",
      "dependencies": {
        "datatables.net": ">=1.11.3",
        "jquery": ">=1.7"
      }
    },
    "node_modules/datatables.net-searchpanes": {
      "version": "2.0.0",
      "resolved": "https://registry.npmjs.org/datatables.net-searchpanes/-/datatables.net-searchpanes-2.0.0.tgz",
      "integrity": "sha512-SWwbLPlavuOerDLaq9CqYG1GXm7BsWWd0c7Qs8nD/P7k69xZ4fMNbDZSIhz8PJ6zT9KLMHwCW4s+VooCMBf0Xw==",
      "dependencies": {
        "datatables.net": ">=1.11.3",
        "jquery": ">=1.7"
      }
    },
    "node_modules/datatables.net-searchpanes-bs5": {
      "version": "2.0.0",
      "resolved": "https://registry.npmjs.org/datatables.net-searchpanes-bs5/-/datatables.net-searchpanes-bs5-2.0.0.tgz",
      "integrity": "sha512-kK5t1P+4xtR3RjEdRBIBOCFu7Pvmn5cOWqkYDYrc/Gz7MBO6YfrNkJFhyJc2qJZ3VcRTrsCoNmRCt7rmQedv4w==",
      "dependencies": {
        "datatables.net-bs5": ">=1.11.3",
        "datatables.net-searchpanes": ">=1.4.0",
        "jquery": ">=1.7"
      }
    },
    "node_modules/datatables.net-select": {
      "version": "1.3.4",
      "resolved": "https://registry.npmjs.org/datatables.net-select/-/datatables.net-select-1.3.4.tgz",
      "integrity": "sha512-iQ/dBHIWkhfCBxzNdtef79seCNO1ZsA5zU0Uiw3R2mlwmjcJM1xn6pFNajke6SX7VnlzndGDHGqzzEljSqz4pA==",
      "dependencies": {
        "datatables.net": ">=1.11.3",
        "jquery": ">=1.7"
      }
    },
    "node_modules/datatables.net-select-bs5": {
      "version": "1.3.4",
      "resolved": "https://registry.npmjs.org/datatables.net-select-bs5/-/datatables.net-select-bs5-1.3.4.tgz",
      "integrity": "sha512-fJyFVtDzo4P4oIOUU2vSvYLuegDdSoqJrqPbFaI0DX2O/MYg2H9hXo09UZ7No/pxBJ1NBRCm8Q3U9uyoCBK7RQ==",
      "dependencies": {
        "datatables.net-bs5": ">=1.11.3",
        "datatables.net-select": ">=1.3.3",
        "jquery": ">=1.7"
      }
    },
    "node_modules/delegate": {
      "version": "3.2.0",
      "resolved": "https://registry.npmjs.org/delegate/-/delegate-3.2.0.tgz",
      "integrity": "sha512-IofjkYBZaZivn0V8nnsMJGBr4jVLxHDheKSW88PyxS5QC4Vo9ZbZVvhzlSxY87fVq3STR6r+4cGepyHkcWOQSw=="
    },
    "node_modules/good-listener": {
      "version": "1.2.2",
      "resolved": "https://registry.npmjs.org/good-listener/-/good-listener-1.2.2.tgz",
      "integrity": "sha1-1TswzfkxPf+33JoNR3CWqm0UXFA=",
      "dependencies": {
        "delegate": "^3.1.2"
      }
    },
    "node_modules/jquery": {
      "version": "3.6.0",
      "resolved": "https://registry.npmjs.org/jquery/-/jquery-3.6.0.tgz",
      "integrity": "sha512-JVzAR/AjBvVt2BmYhxRCSYysDsPcssdmTFnzyLEts9qNwmjmu4JTAMYubEfwVOSwpQ1I1sKKFcxhZCI2buerfw=="
    },
    "node_modules/plotly.js-cartesian-dist-min": {
      "version": "2.24.2",
      "resolved": "https://registry.npmjs.org/plotly.js-cartesian-dist-min/-/plotly.js-cartesian-dist-min-2.24.2.tgz",
      "integrity": "sha512-8uaRSjPZygFMZqc17r57kthr72oyWN3wFePeLlmYG/JzxmiitlPQhhPK+XwY+RWl/6LYGGuQ0HIBtrO2gtFHbw=="
    },
    "node_modules/select": {
      "version": "1.1.2",
      "resolved": "https://registry.npmjs.org/select/-/select-1.1.2.tgz",
      "integrity": "sha1-DnNQrN7ICxEIUoeG7B1EGNEbOW0="
    },
    "node_modules/tiny-emitter": {
      "version": "2.1.0",
      "resolved": "https://registry.npmjs.org/tiny-emitter/-/tiny-emitter-2.1.0.tgz",
      "integrity": "sha512-NB6Dk1A9xgQPMoGqC5CVXn123gWyte215ONT5Pp5a0yt4nlEoO1ZWeCwpncaekPHXO60i47ihFnZPiRPjRMq4Q=="
    }
  }
}
